lockfileVersion: '9.0'

settings:
  autoInstallPeers: true
  excludeLinksFromLockfile: false

importers:

  .:
    dependencies:
      '@tauri-apps/api':
        specifier: ^2.11.0
        version: 2.11.0
      '@tauri-apps/plugin-opener':
        specifier: ^2
        version: 2.5.4
      moveable:
        specifier: ^0.53.0
        version: 0.53.0
    devDependencies:
      '@rollup/plugin-yaml':
        specifier: ^5.0.0
        version: 5.0.0(rollup@4.60.3)
      '@tauri-apps/cli':
        specifier: ^2
        version: 2.11.0
      '@types/node':
        specifier: ^25.6.0
        version: 25.6.0
      typescript:
        specifier: ~5.6.2
        version: 5.6.3
      vite:
        specifier: ^6.0.3
        version: 6.4.2(@types/node@25.6.0)

packages:

  '@cfcs/core@0.0.6':
    resolution: {integrity: sha512-FxfJMwoLB8MEMConeXUCqtMGqxdtePQxRBOiGip9ULcYYam3WfCgoY6xdnMaSkYvRvmosp5iuG+TiPofm65+Pw==}

  '@daybrush/utils@1.13.0':
    resolution: {integrity: sha512-ALK12C6SQNNHw1enXK+UO8bdyQ+jaWNQ1Af7Z3FNxeAwjYhQT7do+TRE4RASAJ3ObaS2+TJ7TXR3oz2Gzbw0PQ==}

  '@egjs/agent@2.4.4':
    resolution: {integrity: sha512-cvAPSlUILhBBOakn2krdPnOGv5hAZq92f1YHxYcfu0p7uarix2C6Ia3AVizpS1SGRZGiEkIS5E+IVTLg1I2Iog==}

  '@egjs/children-differ@1.0.1':
    resolution: {integrity: sha512-DRvyqMf+CPCOzAopQKHtW+X8iN6Hy6SFol+/7zCUiE5y4P/OB8JP8FtU4NxtZwtafvSL4faD5KoQYPj3JHzPFQ==}

  '@egjs/component@3.0.5':
    resolution: {integrity: sha512-cLcGizTrrUNA2EYE3MBmEDt2tQv1joVP1Q3oDisZ5nw0MZDx2kcgEXM+/kZpfa/PAkFvYVhRUZwytIQWoN3V/w==}

  '@egjs/list-differ@1.0.1':
    resolution: {integrity: sha512-OTFTDQcWS+1ZREOdCWuk5hCBgYO4OsD30lXcOCyVOAjXMhgL5rBRDnt/otb6Nz8CzU0L/igdcaQBDLWc4t9gvg==}

  '@esbuild/aix-ppc64@0.25.12':
    resolution: {integrity: sha512-Hhmwd6CInZ3dwpuGTF8fJG6yoWmsToE+vYgD4nytZVxcu1ulHpUQRAB1UJ8+N1Am3Mz4+xOByoQoSZf4D+CpkA==}
    engines: {node: '>=18'}
    cpu: [ppc64]
    os: [aix]

  '@esbuild/android-arm64@0.25.12':
    resolution: {integrity: sha512-6AAmLG7zwD1Z159jCKPvAxZd4y/VTO0VkprYy+3N2FtJ8+BQWFXU+OxARIwA46c5tdD9SsKGZ/1ocqBS/gAKHg==}
    engines: {node: '>=18'}
    cpu: [arm64]
    os: [android]

  '@esbuild/android-arm@0.25.12':
    resolution: {integrity: sha512-VJ+sKvNA/GE7Ccacc9Cha7bpS8nyzVv0jdVgwNDaR4gDMC/2TTRc33Ip8qrNYUcpkOHUT5OZ0bUcNNVZQ9RLlg==}
    engines: {node: '>=18'}
    cpu: [arm]
    os: [android]

  '@esbuild/android-x64@0.25.12':
    resolution: {integrity: sha512-5jbb+2hhDHx5phYR2By8GTWEzn6I9UqR11Kwf22iKbNpYrsmRB18aX/9ivc5cabcUiAT/wM+YIZ6SG9QO6a8kg==}
    engines: {node: '>=18'}
    cpu: [x64]
    os: [android]

  '@esbuild/darwin-arm64@0.25.12':
    resolution: {integrity: sha512-N3zl+lxHCifgIlcMUP5016ESkeQjLj/959RxxNYIthIg+CQHInujFuXeWbWMgnTo4cp5XVHqFPmpyu9J65C1Yg==}
    engines: {node: '>=18'}
    cpu: [arm64]
    os: [darwin]

  '@esbuild/darwin-x64@0.25.12':
    resolution: {integrity: sha512-HQ9ka4Kx21qHXwtlTUVbKJOAnmG1ipXhdWTmNXiPzPfWKpXqASVcWdnf2bnL73wgjNrFXAa3yYvBSd9pzfEIpA==}
    engines: {node: '>=18'}
    cpu: [x64]
    os: [darwin]

  '@esbuild/freebsd-arm64@0.25.12':
    resolution: {integrity: sha512-gA0Bx759+7Jve03K1S0vkOu5Lg/85dou3EseOGUes8flVOGxbhDDh/iZaoek11Y8mtyKPGF3vP8XhnkDEAmzeg==}
    engines: {node: '>=18'}
    cpu: [arm64]
    os: [freebsd]

  '@esbuild/freebsd-x64@0.25.12':
    resolution: {integrity: sha512-TGbO26Yw2xsHzxtbVFGEXBFH0FRAP7gtcPE7P5yP7wGy7cXK2oO7RyOhL5NLiqTlBh47XhmIUXuGciXEqYFfBQ==}
    engines: {node: '>=18'}
    cpu: [x64]
    os: [freebsd]

  '@esbuild/linux-arm64@0.25.12':
    resolution: {integrity: sha512-8bwX7a8FghIgrupcxb4aUmYDLp8pX06rGh5HqDT7bB+8Rdells6mHvrFHHW2JAOPZUbnjUpKTLg6ECyzvas2AQ==}
    engines: {node: '>=18'}
    cpu: [arm64]
    os: [linux]

  '@esbuild/linux-arm@0.25.12':
    resolution: {integrity: sha512-lPDGyC1JPDou8kGcywY0YILzWlhhnRjdof3UlcoqYmS9El818LLfJJc3PXXgZHrHCAKs/Z2SeZtDJr5MrkxtOw==}
    engines: {node: '>=18'}
    cpu: [arm]
    os: [linux]

  '@esbuild/linux-ia32@0.25.12':
    resolution: {integrity: sha512-0y9KrdVnbMM2/vG8KfU0byhUN+EFCny9+8g202gYqSSVMonbsCfLjUO+rCci7pM0WBEtz+oK/PIwHkzxkyharA==}
    engines: {node: '>=18'}
    cpu: [ia32]
    os: [linux]

  '@esbuild/linux-loong64@0.25.12':
    resolution: {integrity: sha512-h///Lr5a9rib/v1GGqXVGzjL4TMvVTv+s1DPoxQdz7l/AYv6LDSxdIwzxkrPW438oUXiDtwM10o9PmwS/6Z0Ng==}
    engines: {node: '>=18'}
    cpu: [loong64]
    os: [linux]

  '@esbuild/linux-mips64el@0.25.12':
    resolution: {integrity: sha512-iyRrM1Pzy9GFMDLsXn1iHUm18nhKnNMWscjmp4+hpafcZjrr2WbT//d20xaGljXDBYHqRcl8HnxbX6uaA/eGVw==}
    engines: {node: '>=18'}
    cpu: [mips64el]
    os: [linux]

  '@esbuild/linux-ppc64@0.25.12':
    resolution: {integrity: sha512-9meM/lRXxMi5PSUqEXRCtVjEZBGwB7P/D4yT8UG/mwIdze2aV4Vo6U5gD3+RsoHXKkHCfSxZKzmDssVlRj1QQA==}
    engines: {node: '>=18'}
    cpu: [ppc64]
    os: [linux]

  '@esbuild/linux-riscv64@0.25.12':
    resolution: {integrity: sha512-Zr7KR4hgKUpWAwb1f3o5ygT04MzqVrGEGXGLnj15YQDJErYu/BGg+wmFlIDOdJp0PmB0lLvxFIOXZgFRrdjR0w==}
    engines: {node: '>=18'}
    cpu: [riscv64]
    os: [linux]

  '@esbuild/linux-s390x@0.25.12':
    resolution: {integrity: sha512-MsKncOcgTNvdtiISc/jZs/Zf8d0cl/t3gYWX8J9ubBnVOwlk65UIEEvgBORTiljloIWnBzLs4qhzPkJcitIzIg==}
    engines: {node: '>=18'}
    cpu: [s390x]
    os: [linux]

  '@esbuild/linux-x64@0.25.12':
    resolution: {integrity: sha512-uqZMTLr/zR/ed4jIGnwSLkaHmPjOjJvnm6TVVitAa08SLS9Z0VM8wIRx7gWbJB5/J54YuIMInDquWyYvQLZkgw==}
    engines: {node: '>=18'}
    cpu: [x64]
    os: [linux]

  '@esbuild/netbsd-arm64@0.25.12':
    resolution: {integrity: sha512-xXwcTq4GhRM7J9A8Gv5boanHhRa/Q9KLVmcyXHCTaM4wKfIpWkdXiMog/KsnxzJ0A1+nD+zoecuzqPmCRyBGjg==}
    engines: {node: '>=18'}
    cpu: [arm64]
    os: [netbsd]

  '@esbuild/netbsd-x64@0.25.12':
    resolution: {integrity: sha512-Ld5pTlzPy3YwGec4OuHh1aCVCRvOXdH8DgRjfDy/oumVovmuSzWfnSJg+VtakB9Cm0gxNO9BzWkj6mtO1FMXkQ==}
    engines: {node: '>=18'}
    cpu: [x64]
    os: [netbsd]

  '@esbuild/openbsd-arm64@0.25.12':
    resolution: {integrity: sha512-fF96T6KsBo/pkQI950FARU9apGNTSlZGsv1jZBAlcLL1MLjLNIWPBkj5NlSz8aAzYKg+eNqknrUJ24QBybeR5A==}
    engines: {node: '>=18'}
    cpu: [arm64]
    os: [openbsd]

  '@esbuild/openbsd-x64@0.25.12':
    resolution: {integrity: sha512-MZyXUkZHjQxUvzK7rN8DJ3SRmrVrke8ZyRusHlP+kuwqTcfWLyqMOE3sScPPyeIXN/mDJIfGXvcMqCgYKekoQw==}
    engines: {node: '>=18'}
    cpu: [x64]
    os: [openbsd]

  '@esbuild/openharmony-arm64@0.25.12':
    resolution: {integrity: sha512-rm0YWsqUSRrjncSXGA7Zv78Nbnw4XL6/dzr20cyrQf7ZmRcsovpcRBdhD43Nuk3y7XIoW2OxMVvwuRvk9XdASg==}
    engines: {node: '>=18'}
    cpu: [arm64]
    os: [openharmony]

  '@esbuild/sunos-x64@0.25.12':
    resolution: {integrity: sha512-3wGSCDyuTHQUzt0nV7bocDy72r2lI33QL3gkDNGkod22EsYl04sMf0qLb8luNKTOmgF/eDEDP5BFNwoBKH441w==}
    engines: {node: '>=18'}
    cpu: [x64]
    os: [sunos]

  '@esbuild/win32-arm64@0.25.12':
    resolution: {integrity: sha512-rMmLrur64A7+DKlnSuwqUdRKyd3UE7oPJZmnljqEptesKM8wx9J8gx5u0+9Pq0fQQW8vqeKebwNXdfOyP+8Bsg==}
    engines: {node: '>=18'}
    cpu: [arm64]
    os: [win32]

  '@esbuild/win32-ia32@0.25.12':
    resolution: {integrity: sha512-HkqnmmBoCbCwxUKKNPBixiWDGCpQGVsrQfJoVGYLPT41XWF8lHuE5N6WhVia2n4o5QK5M4tYr21827fNhi4byQ==}
    engines: {node: '>=18'}
    cpu: [ia32]
    os: [win32]

  '@esbuild/win32-x64@0.25.12':
    resolution: {integrity: sha512-alJC0uCZpTFrSL0CCDjcgleBXPnCrEAhTBILpeAp7M/OFgoqtAetfBzX0xM00MUsVVPpVjlPuMbREqnZCXaTnA==}
    engines: {node: '>=18'}
    cpu: [x64]
    os: [win32]

  '@rollup/plugin-yaml@5.0.0':
    resolution: {integrity: sha512-9XOiRGYJjDwmEwR15kuxw+RytZFKtEWshoXuITrtS6+57BVMQMzDfhmSO/xfQOAY5psQv1IrxhQTUqPNppe4lQ==}
    engines: {node: '>=14.0.0'}
    peerDependencies:
      rollup: ^2.78.0||^3.0.0||^4.0.0
    peerDependenciesMeta:
      rollup:
        optional: true

  '@rollup/pluginutils@5.4.0':
    resolution: {integrity: sha512-MfPp06CjRLfXQ3wY0R8vJDYBy/MvVcc9OulEfR0B8Iv9ko+GCNaRZ+EpJYFl27LhKsZK0o420sYCRHCjfCgeUg==}
    engines: {node: '>=14.0.0'}
    peerDependencies:
      rollup: ^1.20.0||^2.0.0||^3.0.0||^4.0.0
    peerDependenciesMeta:
      rollup:
        optional: true

  '@rollup/rollup-android-arm-eabi@4.60.3':
    resolution: {integrity: sha512-x35CNW/ANXG3hE/EZpRU8MXX1JDN86hBb2wMGAtltkz7pc6cxgjpy1OMMfDosOQ+2hWqIkag/fGok1Yady9nGw==}
    cpu: [arm]
    os: [android]

  '@rollup/rollup-android-arm64@4.60.3':
    resolution: {integrity: sha512-xw3xtkDApIOGayehp2+Rz4zimfkaX65r4t47iy+ymQB2G4iJCBBfj0ogVg5jpvjpn8UWn/+q9tprxleYeNp3Hw==}
    cpu: [arm64]
    os: [android]

  '@rollup/rollup-darwin-arm64@4.60.3':
    resolution: {integrity: sha512-vo6Y5Qfpx7/5EaamIwi0WqW2+zfiusVihKatLvtN1VFVy3D13uERk/6gZLU1UiHRL6fDXqj/ELIeVRGnvcTE1g==}
    cpu: [arm64]
    os: [darwin]

  '@rollup/rollup-darwin-x64@4.60.3':
    resolution: {integrity: sha512-D+0QGcZhBzTN82weOnsSlY7V7+RMmPuF1CkbxyMAGE8+ZHeUjyb76ZiWmBlCu//AQQONvxcqRbwZTajZKqjuOw==}
    cpu: [x64]
    os: [darwin]

  '@rollup/rollup-freebsd-arm64@4.60.3':
    resolution: {integrity: sha512-6HnvHCT7fDyj6R0Ph7A6x8dQS/S38MClRWeDLqc0MdfWkxjiu1HSDYrdPhqSILzjTIC/pnXbbJbo+ft+gy/9hQ==}
    cpu: [arm64]
    os: [freebsd]

  '@rollup/rollup-freebsd-x64@4.60.3':
    resolution: {integrity: sha512-KHLgC3WKlUYW3ShFKnnosZDOJ0xjg9zp7au3sIm2bs/tGBeC2ipmvRh/N7JKi0t9Ue20C0dpEshi8WUubg+cnA==}
    cpu: [x64]
    os: [freebsd]

  '@rollup/rollup-linux-arm-gnueabihf@4.60.3':
    resolution: {integrity: sha512-DV6fJoxEYWJOvaZIsok7KrYl0tPvga5OZ2yvKHNNYyk/2roMLqQAbGhr78EQ5YhHpnhLKJD3S1WFusAkmUuV5g==}
    cpu: [arm]
    os: [linux]
    libc: [glibc]

  '@rollup/rollup-linux-arm-musleabihf@4.60.3':
    resolution: {integrity: sha512-mQKoJAzvuOs6F+TZybQO4GOTSMUu7v0WdxEk24krQ/uUxXoPTtHjuaUuPmFhtBcM4K0ons8nrE3JyhTuCFtT/w==}
    cpu: [arm]
    os: [linux]
    libc: [musl]

  '@rollup/rollup-linux-arm64-gnu@4.60.3':
    resolution: {integrity: sha512-Whjj2qoiJ6+OOJMGptTYazaJvjOJm+iKHpXQM1P3LzGjt7Ff++Tp7nH4N8J/BUA7R9IHfDyx4DJIflifwnbmIA==}
    cpu: [arm64]
    os: [linux]
    libc: [glibc]

  '@rollup/rollup-linux-arm64-musl@4.60.3':
    resolution: {integrity: sha512-4YTNHKqGng5+yiZt3mg77nmyuCfmNfX4fPmyUapBcIk+BdwSwmCWGXOUxhXbBEkFHtoN5boLj/5NON+u5QC9tg==}
    cpu: [arm64]
    os: [linux]
    libc: [musl]

  '@rollup/rollup-linux-loong64-gnu@4.60.3':
    resolution: {integrity: sha512-SU3kNlhkpI4UqlUc2VXPGK9o886ZsSeGfMAX2ba2b8DKmMXq4AL7KUrkSWVbb7koVqx41Yczx6dx5PNargIrEA==}
    cpu: [loong64]
    os: [linux]
    libc: [glibc]

  '@rollup/rollup-linux-loong64-musl@4.60.3':
    resolution: {integrity: sha512-6lDLl5h4TXpB1mTf2rQWnAk/LcXrx9vBfu/DT5TIPhvMhRWaZ5MxkIc8u4lJAmBo6klTe1ywXIUHFjylW505sg==}
    cpu: [loong64]
    os: [linux]
    libc: [musl]

  '@rollup/rollup-linux-ppc64-gnu@4.60.3':
    resolution: {integrity: sha512-BMo8bOw8evlup/8G+cj5xWtPyp93xPdyoSN16Zy90Q2QZ0ZYRhCt6ZJSwbrRzG9HApFabjwj2p25TUPDWrhzqQ==}
    cpu: [ppc64]
    os: [linux]
    libc: [glibc]

  '@rollup/rollup-linux-ppc64-musl@4.60.3':
    resolution: {integrity: sha512-E0L8X1dZN1/Rph+5VPF6Xj2G7JJvMACVXtamTJIDrVI44Y3K+G8gQaMEAavbqCGTa16InptiVrX6eM6pmJ+7qA==}
    cpu: [ppc64]
    os: [linux]
    libc: [musl]

  '@rollup/rollup-linux-riscv64-gnu@4.60.3':
    resolution: {integrity: sha512-oZJ/WHaVfHUiRAtmTAeo3DcevNsVvH8mbvodjZy7D5QKvCefO371SiKRpxoDcCxB3PTRTLayWBkvmDQKTcX/sw==}
    cpu: [riscv64]
    os: [linux]
    libc: [glibc]

  '@rollup/rollup-linux-riscv64-musl@4.60.3':
    resolution: {integrity: sha512-Dhbyh7j9FybM3YaTgaHmVALwA8AkUwTPccyCQ79TG9AJUsMQqgN1DDEZNr4+QUfwiWvLDumW5vdwzoeUF+TNxQ==}
    cpu: [riscv64]
    os: [linux]
    libc: [musl]

  '@rollup/rollup-linux-s390x-gnu@4.60.3':
    resolution: {integrity: sha512-cJd1X5XhHHlltkaypz1UcWLA8AcoIi1aWhsvaWDskD1oz2eKCypnqvTQ8ykMNI0RSmm7NkTdSqSSD7zM0xa6Ig==}
    cpu: [s390x]
    os: [linux]
    libc: [glibc]

  '@rollup/rollup-linux-x64-gnu@4.60.3':
    resolution: {integrity: sha512-DAZDBHQfG2oQuhY7mc6I3/qB4LU2fQCjRvxbDwd/Jdvb9fypP4IJ4qmtu6lNjes6B531AI8cg1aKC2di97bUxA==}
    cpu: [x64]
    os: [linux]
    libc: [glibc]

  '@rollup/rollup-linux-x64-musl@4.60.3':
    resolution: {integrity: sha512-cRxsE8c13mZOh3vP+wLDxpQBRrOHDIGOWyDL93Sy0Ga8y515fBcC2pjUfFwUe5T7tqvTvWbCpg1URM/AXdWIXA==}
    cpu: [x64]
    os: [linux]
    libc: [musl]

  '@rollup/rollup-openbsd-x64@4.60.3':
    resolution: {integrity: sha512-QaWcIgRxqEdQdhJqW4DJctsH6HCmo5vHxY0krHSX4jMtOqfzC+dqDGuHM87bu4H8JBeibWx7jFz+h6/4C8wA5Q==}
    cpu: [x64]
    os: [openbsd]

  '@rollup/rollup-openharmony-arm64@4.60.3':
    resolution: {integrity: sha512-AaXwSvUi3QIPtroAUw1t5yHGIyqKEXwH54WUocFolZhpGDruJcs8c+xPNDRn4XiQsS7MEwnYsHW2l0MBLDMkWg==}
    cpu: [arm64]
    os: [openharmony]

  '@rollup/rollup-win32-arm64-msvc@4.60.3':
    resolution: {integrity: sha512-65LAKM/bAWDqKNEelHlcHvm2V+Vfb8C6INFxQXRHCvaVN1rJfwr4NvdP4FyzUaLqWfaCGaadf6UbTm8xJeYfEg==}
    cpu: [arm64]
    os: [win32]

  '@rollup/rollup-win32-ia32-msvc@4.60.3':
    resolution: {integrity: sha512-EEM2gyhBF5MFnI6vMKdX1LAosE627RGBzIoGMdLloPZkXrUN0Ckqgr2Qi8+J3zip/8NVVro3/FjB+tjhZUgUHA==}
    cpu: [ia32]
    os: [win32]

  '@rollup/rollup-win32-x64-gnu@4.60.3':
    resolution: {integrity: sha512-E5Eb5H/DpxaoXH++Qkv28RcUJboMopmdDUALBczvHMf7hNIxaDZqwY5lK12UK1BHacSmvupoEWGu+n993Z0y1A==}
    cpu: [x64]
    os: [win32]

  '@rollup/rollup-win32-x64-msvc@4.60.3':
    resolution: {integrity: sha512-hPt/bgL5cE+Qp+/TPHBqptcAgPzgj46mPcg/16zNUmbQk0j+mOEQV/+Lqu8QRtDV3Ek95Q6FeFITpuhl6OTsAA==}
    cpu: [x64]
    os: [win32]

  '@scena/dragscroll@1.4.0':
    resolution: {integrity: sha512-3O8daaZD9VXA9CP3dra6xcgt/qrm0mg0xJCwiX6druCteQ9FFsXffkF8PrqxY4Z4VJ58fFKEa0RlKqbsi/XnRA==}

  '@scena/event-emitter@1.0.5':
    resolution: {integrity: sha512-AzY4OTb0+7ynefmWFQ6hxDdk0CySAq/D4efljfhtRHCOP7MBF9zUfhKG3TJiroVjASqVgkRJFdenS8ArZo6Olg==}

  '@scena/matrix@1.1.1':
    resolution: {integrity: sha512-JVKBhN0tm2Srl+Yt+Ywqu0oLgLcdemDQlD1OxmN9jaCTwaFPZ7tY8n6dhVgMEaR9qcR7r+kAlMXnSfNyYdE+Vg==}

  '@tauri-apps/api@2.11.0':
    resolution: {integrity: sha512-7CinYODhky9lmO23xHnUFv0Xt43fbtWMyxZcLcRBlFkcgXKuEirBvHpmtJ89YMhyeGcq20Wuc47Fa4XjyniywA==}

  '@tauri-apps/cli-darwin-arm64@2.11.0':
    resolution: {integrity: sha512-UfMeDNlgIP252rm/KSTuu8yHatPua5TjtUEUf+jyIzVwBNcIl7Ywkdpfj+e5jVVg3EfCTp+4gwuL1dNpgF8clg==}
    engines: {node: '>= 10'}
    cpu: [arm64]
    os: [darwin]

  '@tauri-apps/cli-darwin-x64@2.11.0':
    resolution: {integrity: sha512-lY1+aPlgyMN7vgjtCdQ3+WODfZkebAcxnrCrO0HjqDpKSXieDkrJbimqeaoM4RwhTSrCLRHfVYiYrfE5E131tg==}
    engines: {node: '>= 10'}
    cpu: [x64]
    os: [darwin]

  '@tauri-apps/cli-linux-arm-gnueabihf@2.11.0':
    resolution: {integrity: sha512-5uCP0AusgN3NrKC8EpkuJwjek1k8pEffBdugJSpXPey/QGbPEb8vZ542n/giJ2mZPjMSllDkdhG2QIDpBY4PpQ==}
    engines: {node: '>= 10'}
    cpu: [arm]
    os: [linux]

  '@tauri-apps/cli-linux-arm64-gnu@2.11.0':
    resolution: {integrity: sha512-loDPqtRHMSbIcrH2VBd4GgHoQlF7jJnrZj7MxA2lj1cixS/jEgMAPFqj83U6Wvjete4HfYplbE/gCpSFifA9jw==}
    engines: {node: '>= 10'}
    cpu: [arm64]
    os: [linux]
    libc: [glibc]

  '@tauri-apps/cli-linux-arm64-musl@2.11.0':
    resolution: {integrity: sha512-DtSE8ZBlB9H+L+eHkfZ3myt00EVEyAB3e41juEHoE2qT88fgVlJvyrwa9SZYc/xTwCS9TnmK+R84tpg+ZsAg7Q==}
    engines: {node: '>= 10'}
    cpu: [arm64]
    os: [linux]
    libc: [musl]

  '@tauri-apps/cli-linux-riscv64-gnu@2.11.0':
    resolution: {integrity: sha512-5QdgS4LD+kntClI1aj2JmwjW38LosNXxwCe8viIHEwqYIWuMPdNEIau6/cLogI38Yzx9DnfCPRfEWLyI+5li8Q==}
    engines: {node: '>= 10'}
    cpu: [riscv64]
    os: [linux]
    libc: [glibc]

  '@tauri-apps/cli-linux-x64-gnu@2.11.0':
    resolution: {integrity: sha512-5UynPXo3Zq9khjVdAbD+YogeLltdVUeOah2ioSIM3tu6H7wY9vMy6rgGJhv9r5R8ZXmk9GttMippdqYJWrnLnA==}
    engines: {node: '>= 10'}
    cpu: [x64]
    os: [linux]
    libc: [glibc]

  '@tauri-apps/cli-linux-x64-musl@2.11.0':
    resolution: {integrity: sha512-CNz7fHbApz1Zyhhq73jtGn9JqgNEV/lIWnTnUo6h6ujw+mHsTmkLszvJSM8W6JBaDjNpTTFr/RSNoVL5FMwcTg==}
    engines: {node: '>= 10'}
    cpu: [x64]
    os: [linux]
    libc: [musl]

  '@tauri-apps/cli-win32-arm64-msvc@2.11.0':
    resolution: {integrity: sha512-K+br+VXZ+Xx0n/9FdWohpW5Ugq+2FQUpJScqcPl1hTxXfh3fgjYgt4qA2NgrjlJo+zZPNrmUMl+NLvm0ufEqBQ==}
    engines: {node: '>= 10'}
    cpu: [arm64]
    os: [win32]

  '@tauri-apps/cli-win32-ia32-msvc@2.11.0':
    resolution: {integrity: sha512-OFV+s3MLZnd75zl0ZAFU5riMpGK4waUEA8ZDuijDsnkU0btz/gHhqh5jVlOn8thyvgdtT3Xyoxqo099MMifH3g==}
    engines: {node: '>= 10'}
    cpu: [ia32]
    os: [win32]

  '@tauri-apps/cli-win32-x64-msvc@2.11.0':
    resolution: {integrity: sha512-AeDTWBd2cOZ6TX133BWsoo+LutG9o0JRcgjMsIfLE13ZugpgCMv/2dJbUiBGeRvbPOGin5A3aYmsArPVV6ZSHQ==}
    engines: {node: '>= 10'}
    cpu: [x64]
    os: [win32]

  '@tauri-apps/cli@2.11.0':
    resolution: {integrity: sha512-W5Wbuqsb2pHFPTj4TaRNKTj5rwXhDShPiLSY9T18y4ouSR/NNCptAEFxFsBtyNRgL6Vs1a/q9LzfqqYzEwC+Jw==}
    engines: {node: '>= 10'}
    hasBin: true

  '@tauri-apps/plugin-opener@2.5.4':
    resolution: {integrity: sha512-1HnPkb+AmgO29HBazm4uPLKB+r7zzcTBW1d0fyYp1uP+jwtpoiNDGKMMzz58SFp49nOIrxdE3aUJtT57lfO9CQ==}

  '@types/estree@1.0.8':
    resolution: {integrity: sha512-dWHzHa2WqEXI/O1E9OjrocMTKJl2mSrEolh1Iomrv6U+JuNwaHXsXx9bLu5gG7BUWFIN0skIQJQ/L1rIex4X6w==}

  '@types/node@25.6.0':
    resolution: {integrity: sha512-+qIYRKdNYJwY3vRCZMdJbPLJAtGjQBudzZzdzwQYkEPQd+PJGixUL5QfvCLDaULoLv+RhT3LDkwEfKaAkgSmNQ==}

  argparse@2.0.1:
    resolution: {integrity: sha512-8+9WqebbFzpX9OR+Wa6O29asIogeRMzcGtAINdpMHHyAg10f05aSFVBbcEqGf/PXw1EjAZ+q2/bEBg3DvurK3Q==}

  croact-css-styled@1.1.9:
    resolution: {integrity: sha512-G7yvRiVJ3Eoj0ov2h2xR4312hpOzATay2dGS9clK8yJQothjH1sBXIyvOeRP5wBKD9mPcKcoUXPCPsl0tQog4w==}

  croact-moveable@0.9.0:
    resolution: {integrity: sha512-fc3bieV6CdqqZFtzsSLi9KmvUMFW3oakUfhPCls1BxKjOfUfn8rktteGED2341A/Qghy8tI3Hm6SdocIc68IKg==}
    peerDependencies:
      croact: ^1.0.4

  croact@1.0.4:
    resolution: {integrity: sha512-9GhvyzTY/IVUrMQ2iz/mzgZ8+NcjczmIo/t4FkC1CU0CEcau6v6VsEih4jkTa4ZmRgYTF0qXEZLObCzdDFplpw==}

  css-styled@1.0.8:
    resolution: {integrity: sha512-tCpP7kLRI8dI95rCh3Syl7I+v7PP+2JYOzWkl0bUEoSbJM+u8ITbutjlQVf0NC2/g4ULROJPi16sfwDIO8/84g==}

  css-to-mat@1.1.1:
    resolution: {integrity: sha512-kvpxFYZb27jRd2vium35G7q5XZ2WJ9rWjDUMNT36M3Hc41qCrLXFM5iEKMGXcrPsKfXEN+8l/riB4QzwwwiEyQ==}

  esbuild@0.25.12:
    resolution: {integrity: sha512-bbPBYYrtZbkt6Os6FiTLCTFxvq4tt3JKall1vRwshA3fdVztsLAatFaZobhkBC8/BrPetoa0oksYoKXoG4ryJg==}
    engines: {node: '>=18'}
    hasBin: true

  estree-walker@2.0.2:
    resolution: {integrity: sha512-Rfkk/Mp/DL7JVje3u18FxFujQlTNR2q6QfMSMB7AvCBx91NGj/ba3kCfza0f6dVDbw7YlRf/nDrn7pQrCCyQ/w==}

  fdir@6.5.0:
    resolution: {integrity: sha512-tIbYtZbucOs0BRGqPJkshJUYdL+SDH7dVM8gjy+ERp3WAUjLEFJE+02kanyHtwjWOnwrKYBiwAmM0p4kLJAnXg==}
    engines: {node: '>=12.0.0'}
    peerDependencies:
      picomatch: ^3 || ^4
    peerDependenciesMeta:
      picomatch:
        optional: true

  framework-utils@1.1.0:
    resolution: {integrity: sha512-KAfqli5PwpFJ8o3psRNs8svpMGyCSAe8nmGcjQ0zZBWN2H6dZDnq+ABp3N3hdUmFeMrLtjOCTXD4yplUJIWceg==}

  fsevents@2.3.3:
    resolution: {integrity: sha512-5xoDfX+fL7faATnagmWPpbFtwh/R77WmMMqqHGS65C3vvB0YHrgF+B1YmZ3441tMj5n63k0212XNoJwzlhffQw==}
    engines: {node: ^8.16.0 || ^10.6.0 || >=11.0.0}
    os: [darwin]

  gesto@1.19.4:
    resolution: {integrity: sha512-hfr/0dWwh0Bnbb88s3QVJd1ZRJeOWcgHPPwmiH6NnafDYvhTsxg+SLYu+q/oPNh9JS3V+nlr6fNs8kvPAtcRDQ==}

  js-yaml@4.3.1:
    resolution: {integrity: sha512-CY6crGq313MX8GkwvB7tzgp99vjQxY1++5y10/BKN/GUfHqWaOGQMNZkBvqSzsZKWk/ijwHlWzzkLulsGHhjWQ==}
    hasBin: true

  keycode@2.2.1:
    resolution: {integrity: sha512-Rdgz9Hl9Iv4QKi8b0OlCRQEzp4AgVxyCtz5S/+VIHezDmrDhkp2N2TqBWOLz0/gbeREXOOiI9/4b8BY9uw2vFg==}

  keycon@1.4.0:
    resolution: {integrity: sha512-p1NAIxiRMH3jYfTeXRs2uWbVJ1WpEjpi8ktzUyBJsX7/wn2qu2VRXktneBLNtKNxJmlUYxRi9gOJt1DuthXR7A==}

  moveable@0.53.0:
    resolution: {integrity: sha512-71jS9zIoQzMhnNvduhg4tUEdm23+fO/40FN7muVMbZvVwbTku2MIxxLhnU4qFvxI4oVxn75l79SbtgjuA+s7Pw==}

  nanoid@3.3.12:
    resolution: {integrity: sha512-ZB9RH/39qpq5Vu6Y+NmUaFhQR6pp+M2Xt76XBnEwDaGcVAqhlvxrl3B2bKS5D3NH3QR76v3aSrKaF/Kiy7lEtQ==}
    engines: {node: ^10 || ^12 || ^13.7 || ^14 || >=15.0.1}
    hasBin: true

  overlap-area@1.1.0:
    resolution: {integrity: sha512-3dlJgJCaVeXH0/eZjYVJvQiLVVrPO4U1ZGqlATtx6QGO3b5eNM6+JgUKa7oStBTdYuGTk7gVoABCW6Tp+dhRdw==}

  picocolors@1.1.1:
    resolution: {integrity: sha512-xceH2snhtb5M9liqDsmEw56le376mTZkEX/jEb/RxNFyegNul7eNslCXP9FDj/Lcu0X8KEyMceP2ntpaHrDEVA==}

  picomatch@4.0.4:
    resolution: {integrity: sha512-QP88BAKvMam/3NxH6vj2o21R6MjxZUAd6nlwAS/pnGvN9IVLocLHxGYIzFhg6fUQ+5th6P4dv4eW9jX3DSIj7A==}
    engines: {node: '>=12'}

  postcss@8.5.14:
    resolution: {integrity: sha512-SoSL4+OSEtR99LHFZQiJLkT59C5B1amGO1NzTwj7TT1qCUgUO6hxOvzkOYxD+vMrXBM3XJIKzokoERdqQq/Zmg==}
    engines: {node: ^10 || ^12 || >=14}

  react-css-styled@1.1.9:
    resolution: {integrity: sha512-M7fJZ3IWFaIHcZEkoFOnkjdiUFmwd8d+gTh2bpqMOcnxy/0Gsykw4dsL4QBiKsxcGow6tETUa4NAUcmJF+/nfw==}

  react-moveable@0.56.0:
    resolution: {integrity: sha512-FmJNmIOsOA36mdxbrc/huiE4wuXSRlmon/o+/OrfNhSiYYYL0AV5oObtPluEhb2Yr/7EfYWBHTxF5aWAvjg1SA==}

  react-selecto@1.26.3:
    resolution: {integrity: sha512-Ubik7kWSnZyQEBNro+1k38hZaI1tJarE+5aD/qsqCOA1uUBSjgKVBy3EWRzGIbdmVex7DcxznFZLec/6KZNvwQ==}

  rollup@4.60.3:
    resolution: {integrity: sha512-pAQK9HalE84QSm4Po3EmWIZPd3FnjkShVkiMlz1iligWYkWQ7wHYd1PF/T7QZ5TVSD6uSTon5gBVMSM4JfBV+A==}
    engines: {node: '>=18.0.0', npm: '>=8.0.0'}
    hasBin: true

  selecto@1.26.3:
    resolution: {integrity: sha512-gZHgqMy5uyB6/2YDjv3Qqaf7bd2hTDOpPdxXlrez4R3/L0GiEWDCFaUfrflomgqdb3SxHF2IXY0Jw0EamZi7cw==}

  source-map-js@1.2.1:
    resolution: {integrity: sha512-UXWMKhLOwVKb728IUtQPXxfYU+usdybtUrK/8uGE8CQMvrhOpwvzDBwj0QhSL7MQc7vIsISBG8VQ8+IDQxpfQA==}
    engines: {node: '>=0.10.0'}

  tinyglobby@0.2.16:
    resolution: {integrity: sha512-pn99VhoACYR8nFHhxqix+uvsbXineAasWm5ojXoN8xEwK5Kd3/TrhNn1wByuD52UxWRLy8pu+kRMniEi6Eq9Zg==}
    engines: {node: '>=12.0.0'}

  tosource@2.0.0-alpha.3:
    resolution: {integrity: sha512-KAB2lrSS48y91MzFPFuDg4hLbvDiyTjOVgaK7Erw+5AmZXNq4sFRVn8r6yxSLuNs15PaokrDRpS61ERY9uZOug==}
    engines: {node: '>=10'}

  typescript@5.6.3:
    resolution: {integrity: sha512-hjcS1mhfuyi4WW8IWtjP7brDrG2cuDZukyrYrSauoXGNgx0S7zceP07adYkJycEr56BOUTNPzbInooiN3fn1qw==}
    engines: {node: '>=14.17'}
    hasBin: true

  undici-types@7.19.2:
    resolution: {integrity: sha512-qYVnV5OEm2AW8cJMCpdV20CDyaN3g0AjDlOGf1OW4iaDEx8MwdtChUp4zu4H0VP3nDRF/8RKWH+IPp9uW0YGZg==}

  vite@6.4.2:
    resolution: {integrity: sha512-2N/55r4JDJ4gdrCvGgINMy+HH3iRpNIz8K6SFwVsA+JbQScLiC+clmAxBgwiSPgcG9U15QmvqCGWzMbqda5zGQ==}
    engines: {node: ^18.0.0 || ^20.0.0 || >=22.0.0}
    hasBin: true
    peerDependencies:
      '@types/node': ^18.0.0 || ^20.0.0 || >=22.0.0
      jiti: '>=1.21.0'
      less: '*'
      lightningcss: ^1.21.0
      sass: '*'
      sass-embedded: '*'
      stylus: '*'
      sugarss: '*'
      terser: ^5.16.0
      tsx: ^4.8.1
      yaml: ^2.4.2
    peerDependenciesMeta:
      '@types/node':
        optional: true
      jiti:
        optional: true
      less:
        optional: true
      lightningcss:
        optional: true
      sass:
        optional: true
      sass-embedded:
        optional: true
      stylus:
        optional: true
      sugarss:
        optional: true
      terser:
        optional: true
      tsx:
        optional: true
      yaml:
        optional: true

snapshots:

  '@cfcs/core@0.0.6':
    dependencies:
      '@egjs/component': 3.0.5

  '@daybrush/utils@1.13.0': {}

  '@egjs/agent@2.4.4': {}

  '@egjs/children-differ@1.0.1':
    dependencies:
      '@egjs/list-differ': 1.0.1

  '@egjs/component@3.0.5': {}

  '@egjs/list-differ@1.0.1': {}

  '@esbuild/aix-ppc64@0.25.12':
    optional: true

  '@esbuild/android-arm64@0.25.12':
    optional: true

  '@esbuild/android-arm@0.25.12':
    optional: true

  '@esbuild/android-x64@0.25.12':
    optional: true

  '@esbuild/darwin-arm64@0.25.12':
    optional: true

  '@esbuild/darwin-x64@0.25.12':
    optional: true

  '@esbuild/freebsd-arm64@0.25.12':
    optional: true

  '@esbuild/freebsd-x64@0.25.12':
    optional: true

  '@esbuild/linux-arm64@0.25.12':
    optional: true

  '@esbuild/linux-arm@0.25.12':
    optional: true

  '@esbuild/linux-ia32@0.25.12':
    optional: true

  '@esbuild/linux-loong64@0.25.12':
    optional: true

  '@esbuild/linux-mips64el@0.25.12':
    optional: true

  '@esbuild/linux-ppc64@0.25.12':
    optional: true

  '@esbuild/linux-riscv64@0.25.12':
    optional: true

  '@esbuild/linux-s390x@0.25.12':
    optional: true

  '@esbuild/linux-x64@0.25.12':
    optional: true

  '@esbuild/netbsd-arm64@0.25.12':
    optional: true

  '@esbuild/netbsd-x64@0.25.12':
    optional: true

  '@esbuild/openbsd-arm64@0.25.12':
    optional: true

  '@esbuild/openbsd-x64@0.25.12':
    optional: true

  '@esbuild/openharmony-arm64@0.25.12':
    optional: true

  '@esbuild/sunos-x64@0.25.12':
    optional: true

  '@esbuild/win32-arm64@0.25.12':
    optional: true

  '@esbuild/win32-ia32@0.25.12':
    optional: true

  '@esbuild/win32-x64@0.25.12':
    optional: true

  '@rollup/plugin-yaml@5.0.0(rollup@4.60.3)':
    dependencies:
      '@rollup/pluginutils': 5.4.0(rollup@4.60.3)
      js-yaml: 4.3.1
      tosource: 2.0.0-alpha.3
    optionalDependencies:
      rollup: 4.60.3

  '@rollup/pluginutils@5.4.0(rollup@4.60.3)':
    dependencies:
      '@types/estree': 1.0.8
      estree-walker: 2.0.2
      picomatch: 4.0.4
    optionalDependencies:
      rollup: 4.60.3

  '@rollup/rollup-android-arm-eabi@4.60.3':
    optional: true

  '@rollup/rollup-android-arm64@4.60.3':
    optional: true

  '@rollup/rollup-darwin-arm64@4.60.3':
    optional: true

  '@rollup/rollup-darwin-x64@4.60.3':
    optional: true

  '@rollup/rollup-freebsd-arm64@4.60.3':
    optional: true

  '@rollup/rollup-freebsd-x64@4.60.3':
    optional: true

  '@rollup/rollup-linux-arm-gnueabihf@4.60.3':
    optional: true

  '@rollup/rollup-linux-arm-musleabihf@4.60.3':
    optional: true

  '@rollup/rollup-linux-arm64-gnu@4.60.3':
    optional: true

  '@rollup/rollup-linux-arm64-musl@4.60.3':
    optional: true

  '@rollup/rollup-linux-loong64-gnu@4.60.3':
    optional: true

  '@rollup/rollup-linux-loong64-musl@4.60.3':
    optional: true

  '@rollup/rollup-linux-ppc64-gnu@4.60.3':
    optional: true

  '@rollup/rollup-linux-ppc64-musl@4.60.3':
    optional: true

  '@rollup/rollup-linux-riscv64-gnu@4.60.3':
    optional: true

  '@rollup/rollup-linux-riscv64-musl@4.60.3':
    optional: true

  '@rollup/rollup-linux-s390x-gnu@4.60.3':
    optional: true

  '@rollup/rollup-linux-x64-gnu@4.60.3':
    optional: true

  '@rollup/rollup-linux-x64-musl@4.60.3':
    optional: true

  '@rollup/rollup-openbsd-x64@4.60.3':
    optional: true

  '@rollup/rollup-openharmony-arm64@4.60.3':
    optional: true

  '@rollup/rollup-win32-arm64-msvc@4.60.3':
    optional: true

  '@rollup/rollup-win32-ia32-msvc@4.60.3':
    optional: true

  '@rollup/rollup-win32-x64-gnu@4.60.3':
    optional: true

  '@rollup/rollup-win32-x64-msvc@4.60.3':
    optional: true

  '@scena/dragscroll@1.4.0':
    dependencies:
      '@daybrush/utils': 1.13.0
      '@scena/event-emitter': 1.0.5

  '@scena/event-emitter@1.0.5':
    dependencies:
      '@daybrush/utils': 1.13.0

  '@scena/matrix@1.1.1':
    dependencies:
      '@daybrush/utils': 1.13.0

  '@tauri-apps/api@2.11.0': {}

  '@tauri-apps/cli-darwin-arm64@2.11.0':
    optional: true

  '@tauri-apps/cli-darwin-x64@2.11.0':
    optional: true

  '@tauri-apps/cli-linux-arm-gnueabihf@2.11.0':
    optional: true

  '@tauri-apps/cli-linux-arm64-gnu@2.11.0':
    optional: true

  '@tauri-apps/cli-linux-arm64-musl@2.11.0':
    optional: true

  '@tauri-apps/cli-linux-riscv64-gnu@2.11.0':
    optional: true

  '@tauri-apps/cli-linux-x64-gnu@2.11.0':
    optional: true

  '@tauri-apps/cli-linux-x64-musl@2.11.0':
    optional: true

  '@tauri-apps/cli-win32-arm64-msvc@2.11.0':
    optional: true

  '@tauri-apps/cli-win32-ia32-msvc@2.11.0':
    optional: true

  '@tauri-apps/cli-win32-x64-msvc@2.11.0':
    optional: true

  '@tauri-apps/cli@2.11.0':
    optionalDependencies:
      '@tauri-apps/cli-darwin-arm64': 2.11.0
      '@tauri-apps/cli-darwin-x64': 2.11.0
      '@tauri-apps/cli-linux-arm-gnueabihf': 2.11.0
      '@tauri-apps/cli-linux-arm64-gnu': 2.11.0
      '@tauri-apps/cli-linux-arm64-musl': 2.11.0
      '@tauri-apps/cli-linux-riscv64-gnu': 2.11.0
      '@tauri-apps/cli-linux-x64-gnu': 2.11.0
      '@tauri-apps/cli-linux-x64-musl': 2.11.0
      '@tauri-apps/cli-win32-arm64-msvc': 2.11.0
      '@tauri-apps/cli-win32-ia32-msvc': 2.11.0
      '@tauri-apps/cli-win32-x64-msvc': 2.11.0

  '@tauri-apps/plugin-opener@2.5.4':
    dependencies:
      '@tauri-apps/api': 2.11.0

  '@types/estree@1.0.8': {}

  '@types/node@25.6.0':
    dependencies:
      undici-types: 7.19.2

  argparse@2.0.1: {}

  croact-css-styled@1.1.9:
    dependencies:
      '@daybrush/utils': 1.13.0
      css-styled: 1.0.8
      framework-utils: 1.1.0

  croact-moveable@0.9.0(croact@1.0.4):
    dependencies:
      '@daybrush/utils': 1.13.0
      '@egjs/agent': 2.4.4
      '@egjs/children-differ': 1.0.1
      '@egjs/list-differ': 1.0.1
      '@scena/dragscroll': 1.4.0
      '@scena/event-emitter': 1.0.5
      '@scena/matrix': 1.1.1
      croact: 1.0.4
      croact-css-styled: 1.1.9
      css-to-mat: 1.1.1
      framework-utils: 1.1.0
      gesto: 1.19.4
      overlap-area: 1.1.0
      react-css-styled: 1.1.9
      react-moveable: 0.56.0

  croact@1.0.4:
    dependencies:
      '@daybrush/utils': 1.13.0
      '@egjs/list-differ': 1.0.1

  css-styled@1.0.8:
    dependencies:
      '@daybrush/utils': 1.13.0

  css-to-mat@1.1.1:
    dependencies:
      '@daybrush/utils': 1.13.0
      '@scena/matrix': 1.1.1

  esbuild@0.25.12:
    optionalDependencies:
      '@esbuild/aix-ppc64': 0.25.12
      '@esbuild/android-arm': 0.25.12
      '@esbuild/android-arm64': 0.25.12
      '@esbuild/android-x64': 0.25.12
      '@esbuild/darwin-arm64': 0.25.12
      '@esbuild/darwin-x64': 0.25.12
      '@esbuild/freebsd-arm64': 0.25.12
      '@esbuild/freebsd-x64': 0.25.12
      '@esbuild/linux-arm': 0.25.12
      '@esbuild/linux-arm64': 0.25.12
      '@esbuild/linux-ia32': 0.25.12
      '@esbuild/linux-loong64': 0.25.12
      '@esbuild/linux-mips64el': 0.25.12
      '@esbuild/linux-ppc64': 0.25.12
      '@esbuild/linux-riscv64': 0.25.12
      '@esbuild/linux-s390x': 0.25.12
      '@esbuild/linux-x64': 0.25.12
      '@esbuild/netbsd-arm64': 0.25.12
      '@esbuild/netbsd-x64': 0.25.12
      '@esbuild/openbsd-arm64': 0.25.12
      '@esbuild/openbsd-x64': 0.25.12
      '@esbuild/openharmony-arm64': 0.25.12
      '@esbuild/sunos-x64': 0.25.12
      '@esbuild/win32-arm64': 0.25.12
      '@esbuild/win32-ia32': 0.25.12
      '@esbuild/win32-x64': 0.25.12

  estree-walker@2.0.2: {}

  fdir@6.5.0(picomatch@4.0.4):
    optionalDependencies:
      picomatch: 4.0.4

  framework-utils@1.1.0: {}

  fsevents@2.3.3:
    optional: true

  gesto@1.19.4:
    dependencies:
      '@daybrush/utils': 1.13.0
      '@scena/event-emitter': 1.0.5

  js-yaml@4.3.1:
    dependencies:
      argparse: 2.0.1

  keycode@2.2.1: {}

  keycon@1.4.0:
    dependencies:
      '@cfcs/core': 0.0.6
      '@daybrush/utils': 1.13.0
      '@scena/event-emitter': 1.0.5
      keycode: 2.2.1

  moveable@0.53.0:
    dependencies:
      '@daybrush/utils': 1.13.0
      '@scena/event-emitter': 1.0.5
      croact: 1.0.4
      croact-moveable: 0.9.0(croact@1.0.4)
      react-moveable: 0.56.0

  nanoid@3.3.12: {}

  overlap-area@1.1.0:
    dependencies:
      '@daybrush/utils': 1.13.0

  picocolors@1.1.1: {}

  picomatch@4.0.4: {}

  postcss@8.5.14:
    dependencies:
      nanoid: 3.3.12
      picocolors: 1.1.1
      source-map-js: 1.2.1

  react-css-styled@1.1.9:
    dependencies:
      css-styled: 1.0.8
      framework-utils: 1.1.0

  react-moveable@0.56.0:
    dependencies:
      '@daybrush/utils': 1.13.0
      '@egjs/agent': 2.4.4
      '@egjs/children-differ': 1.0.1
      '@egjs/list-differ': 1.0.1
      '@scena/dragscroll': 1.4.0
      '@scena/event-emitter': 1.0.5
      '@scena/matrix': 1.1.1
      css-to-mat: 1.1.1
      framework-utils: 1.1.0
      gesto: 1.19.4
      overlap-area: 1.1.0
      react-css-styled: 1.1.9
      react-selecto: 1.26.3

  react-selecto@1.26.3:
    dependencies:
      selecto: 1.26.3

  rollup@4.60.3:
    dependencies:
      '@types/estree': 1.0.8
    optionalDependencies:
      '@rollup/rollup-android-arm-eabi': 4.60.3
      '@rollup/rollup-android-arm64': 4.60.3
      '@rollup/rollup-darwin-arm64': 4.60.3
      '@rollup/rollup-darwin-x64': 4.60.3
      '@rollup/rollup-freebsd-arm64': 4.60.3
      '@rollup/rollup-freebsd-x64': 4.60.3
      '@rollup/rollup-linux-arm-gnueabihf': 4.60.3
      '@rollup/rollup-linux-arm-musleabihf': 4.60.3
      '@rollup/rollup-linux-arm64-gnu': 4.60.3
      '@rollup/rollup-linux-arm64-musl': 4.60.3
      '@rollup/rollup-linux-loong64-gnu': 4.60.3
      '@rollup/rollup-linux-loong64-musl': 4.60.3
      '@rollup/rollup-linux-ppc64-gnu': 4.60.3
      '@rollup/rollup-linux-ppc64-musl': 4.60.3
      '@rollup/rollup-linux-riscv64-gnu': 4.60.3
      '@rollup/rollup-linux-riscv64-musl': 4.60.3
      '@rollup/rollup-linux-s390x-gnu': 4.60.3
      '@rollup/rollup-linux-x64-gnu': 4.60.3
      '@rollup/rollup-linux-x64-musl': 4.60.3
      '@rollup/rollup-openbsd-x64': 4.60.3
      '@rollup/rollup-openharmony-arm64': 4.60.3
      '@rollup/rollup-win32-arm64-msvc': 4.60.3
      '@rollup/rollup-win32-ia32-msvc': 4.60.3
      '@rollup/rollup-win32-x64-gnu': 4.60.3
      '@rollup/rollup-win32-x64-msvc': 4.60.3
      fsevents: 2.3.3

  selecto@1.26.3:
    dependencies:
      '@daybrush/utils': 1.13.0
      '@egjs/children-differ': 1.0.1
      '@scena/dragscroll': 1.4.0
      '@scena/event-emitter': 1.0.5
      css-styled: 1.0.8
      css-to-mat: 1.1.1
      framework-utils: 1.1.0
      gesto: 1.19.4
      keycon: 1.4.0
      overlap-area: 1.1.0

  source-map-js@1.2.1: {}

  tinyglobby@0.2.16:
    dependencies:
      fdir: 6.5.0(picomatch@4.0.4)
      picomatch: 4.0.4

  tosource@2.0.0-alpha.3: {}

  typescript@5.6.3: {}

  undici-types@7.19.2: {}

  vite@6.4.2(@types/node@25.6.0):
    dependencies:
      esbuild: 0.25.12
      fdir: 6.5.0(picomatch@4.0.4)
      picomatch: 4.0.4
      postcss: 8.5.14
      rollup: 4.60.3
      tinyglobby: 0.2.16
    optionalDependencies:
      '@types/node': 25.6.0
      fsevents: 2.3.3
